# THIS IS AN AUTOGENERATED FILE. DO NOT EDIT THIS FILE DIRECTLY.
# yarn lockfile v1


twemoji@^2.5.1:
  version "2.5.1"
  resolved "https://registry.yarnpkg.com/twemoji/-/twemoji-2.5.1.tgz#296647c6163c7f047458871c2aebe25ea8ffe834"

unist-util-is@^2.1.1:
  version "2.1.2"
  resolved "https://registry.yarnpkg.com/unist-util-is/-/unist-util-is-2.1.2.tgz#1193fa8f2bfbbb82150633f3a8d2eb9a1c1d55db"

unist-util-visit@^1.3.0:
  version "1.3.1"
  resolved "https://registry.yarnpkg.com/unist-util-visit/-/unist-util-visit-1.3.1.tgz#c019ac9337a62486be58531bc27e7499ae7d55c7"
  dependencies:
    unist-util-is "^2.1.1"
